# This file is automatically @generated by Cargo.
# It is not intended for manual editing.
version = 3

[[package]]
name = "broot-alias"
version = "0.1.0"
dependencies = [
 "temp-file",
]

[[package]]
name = "temp-file"
version = "0.1.7"
source = "registry+https://github.com/rust-lang/crates.io-index"
checksum = "f4479870ee948e4c5c3fc4774b46aa73eedf97d84503a9b90922c1bb19a73a8d"
